
Microsoft Visual Studio Solution File, Format Version 12.00
# Visual Studio Version 16
VisualStudioVersion = 16.0.29509.3
MinimumVisualStudioVersion = 10.0.40219.1
Project("{FAE04EC0-301F-11D3-BF4B-00C04F79EFBC}") = "CopyWorkItemFromTFStoHTMLandAttach", "CopyWorkItemFromTFStoHTMLandAttach.csproj", "{BA3DD7E3-2D7A-4BEB-AAEA-86AAC614266A}"
EndProject
Global
	GlobalSection(SolutionConfigurationPlatforms) = preSolution
		Debug|Any CPU = Debug|Any CPU
		Release|Any CPU = Release|Any CPU
	EndGlobalSection
	GlobalSection(ProjectConfigurationPlatforms) = postSolution
		{BA3DD7E3-2D7A-4BEB-AAEA-86AAC614266A}.Debug|Any CPU.ActiveCfg = Debug|Any CPU
		{BA3DD7E3-2D7A-4BEB-AAEA-86AAC614266A}.Debug|Any CPU.Build.0 = Debug|Any CPU
		{BA3DD7E3-2D7A-4BEB-AAEA-86AAC614266A}.Release|Any CPU.ActiveCfg = Release|Any CPU
		{BA3DD7E3-2D7A-4BEB-AAEA-86AAC614266A}.Release|Any CPU.Build.0 = Release|Any CPU
	EndGlobalSection
	GlobalSection(SolutionProperties) = preSolution
		HideSolutionNode = FALSE
	EndGlobalSection
	GlobalSection(ExtensibilityGlobals) = postSolution
		SolutionGuid = {99D198A3-BC2B-4508-840E-360EE8670EC0}
	EndGlobalSection
EndGlobal
